
Microsoft Visual Studio Solution File, Format Version 12.00
# Visual Studio Version 16
VisualStudioVersion = 16.0.29613.14
MinimumVisualStudioVersion = 10.0.40219.1
Project("{8BC9CEB8-8B4A-11D0-8D11-00A0C91BC942}") = "Лабы 3 семестр", "Лабы 3 семестр.vcxproj", "{36E9A079-E539-4FA2-90DE-CF58C5461FBF}"
EndProject
Global
	GlobalSection(SolutionConfigurationPlatforms) = preSolution
		Debug|x64 = Debug|x64
		Debug|x86 = Debug|x86
		Release|x64 = Release|x64
		Release|x86 = Release|x86
	EndGlobalSection
	GlobalSection(ProjectConfigurationPlatforms) = postSolution
		{36E9A079-E539-4FA2-90DE-CF58C5461FBF}.Debug|x64.ActiveCfg = Debug|x64
		{36E9A079-E539-4FA2-90DE-CF58C5461FBF}.Debug|x64.Build.0 = Debug|x64
		{36E9A079-E539-4FA2-90DE-CF58C5461FBF}.Debug|x86.ActiveCfg = Debug|Win32
		{36E9A079-E539-4FA2-90DE-CF58C5461FBF}.Debug|x86.Build.0 = Debug|Win32
		{36E9A079-E539-4FA2-90DE-CF58C5461FBF}.Release|x64.ActiveCfg = Release|x64
		{36E9A079-E539-4FA2-90DE-CF58C5461FBF}.Release|x64.Build.0 = Release|x64
		{36E9A079-E539-4FA2-90DE-CF58C5461FBF}.Release|x86.ActiveCfg = Release|Win32
		{36E9A079-E539-4FA2-90DE-CF58C5461FBF}.Release|x86.Build.0 = Release|Win32
	EndGlobalSection
	GlobalSection(SolutionProperties) = preSolution
		HideSolutionNode = FALSE
	EndGlobalSection
	GlobalSection(ExtensibilityGlobals) = postSolution
		SolutionGuid = {FA375614-90E4-4BA6-AF3E-D635E7C78FAE}
	EndGlobalSection
EndGlobal
